
Microsoft Visual Studio Solution File, Format Version 12.00
Project("{FAE04EC0-301F-11D3-BF4B-00C04F79EFBC}") = "_build", ".nuke\_build.csproj", "{794ADF85-39CE-4246-90E2-FADC09DEC1E7}"
EndProject
Global
	GlobalSection(SolutionConfigurationPlatforms) = preSolution
		Debug|Any CPU = Debug|Any CPU
		Release|Any CPU = Release|Any CPU
	EndGlobalSection
	GlobalSection(ProjectConfigurationPlatforms) = postSolution
		{794ADF85-39CE-4246-90E2-FADC09DEC1E7}.Debug|Any CPU.ActiveCfg = Debug|Any CPU
		{794ADF85-39CE-4246-90E2-FADC09DEC1E7}.Debug|Any CPU.Build.0 = Debug|Any CPU
		{794ADF85-39CE-4246-90E2-FADC09DEC1E7}.Release|Any CPU.ActiveCfg = Release|Any CPU
		{794ADF85-39CE-4246-90E2-FADC09DEC1E7}.Release|Any CPU.Build.0 = Release|Any CPU
	EndGlobalSection
EndGlobal
